
Microsoft Visual Studio Solution File, Format Version 12.00
Project("{FAE04EC0-301F-11D3-BF4B-00C04F79EFBC}") = "ROA.Rest.API", "ROA.Rest.API\ROA.Rest.API.csproj", "{7670B8F7-1B80-4762-9B40-38A340CDC179}"
EndProject
Project("{FAE04EC0-301F-11D3-BF4B-00C04F79EFBC}") = "ROA.Data", "ROA.Data\ROA.Data.csproj", "{40746656-7274-4D17-A192-3111833A34A7}"
EndProject
Project("{FAE04EC0-301F-11D3-BF4B-00C04F79EFBC}") = "ROA.Model", "ROA.Model\ROA.Model.csproj", "{E9D62858-5851-4BF9-A300-0BE31198F54E}"
EndProject
Project("{FAE04EC0-301F-11D3-BF4B-00C04F79EFBC}") = "ROA.Utilities", "ROA.Utilities\ROA.Utilities.csproj", "{A461FE69-6C52-4E1E-8A91-7F7D766FC990}"
EndProject
Project("{2150E333-8FDC-42A3-9474-1A3956D46DE8}") = "Solution Items", "Solution Items", "{F4431588-46D9-4C76-A61D-40A45A72D181}"
	ProjectSection(SolutionItems) = preProject
		docker-compose-api.yml = docker-compose-api.yml
		docker-componse-grafana.yml = docker-componse-grafana.yml
	EndProjectSection
EndProject
Project("{FAE04EC0-301F-11D3-BF4B-00C04F79EFBC}") = "ROA.Data.Contract", "ROA.Data.Contract\ROA.Data.Contract.csproj", "{857D39B1-61AA-4BA7-B6C6-5697357A06EB}"
EndProject
Project("{FAE04EC0-301F-11D3-BF4B-00C04F79EFBC}") = "ROA.Model.Contract", "ROA.Model.Contract\ROA.Model.Contract.csproj", "{C35B015D-2860-4D32-B33E-6CEC1952266A}"
EndProject
Project("{2150E333-8FDC-42A3-9474-1A3956D46DE8}") = "Data", "Data", "{C04140D1-8558-4FDE-B317-C22DF2C6C871}"
EndProject
Project("{2150E333-8FDC-42A3-9474-1A3956D46DE8}") = "App", "App", "{20629959-F100-4933-9F5B-B71E0CEDB170}"
EndProject
Project("{2150E333-8FDC-42A3-9474-1A3956D46DE8}") = "Entity", "Entity", "{AFCCE3BE-498D-4069-8918-CA446A150E4B}"
EndProject
Project("{2150E333-8FDC-42A3-9474-1A3956D46DE8}") = "Utilities", "Utilities", "{64B725D4-6DBE-4842-B7FD-BC6E65D3BFA7}"
EndProject
Project("{FAE04EC0-301F-11D3-BF4B-00C04F79EFBC}") = "ROA.Data.Migrations", "ROA.Data.Migrations\ROA.Data.Migrations.csproj", "{6678C0E3-4366-4448-A587-4241E60088F8}"
EndProject
Global
	GlobalSection(SolutionConfigurationPlatforms) = preSolution
		Debug|Any CPU = Debug|Any CPU
		Release|Any CPU = Release|Any CPU
	EndGlobalSection
	GlobalSection(ProjectConfigurationPlatforms) = postSolution
		{7670B8F7-1B80-4762-9B40-38A340CDC179}.Debug|Any CPU.ActiveCfg = Debug|Any CPU
		{7670B8F7-1B80-4762-9B40-38A340CDC179}.Debug|Any CPU.Build.0 = Debug|Any CPU
		{7670B8F7-1B80-4762-9B40-38A340CDC179}.Release|Any CPU.ActiveCfg = Release|Any CPU
		{7670B8F7-1B80-4762-9B40-38A340CDC179}.Release|Any CPU.Build.0 = Release|Any CPU
		{40746656-7274-4D17-A192-3111833A34A7}.Debug|Any CPU.ActiveCfg = Debug|Any CPU
		{40746656-7274-4D17-A192-3111833A34A7}.Debug|Any CPU.Build.0 = Debug|Any CPU
		{40746656-7274-4D17-A192-3111833A34A7}.Release|Any CPU.ActiveCfg = Release|Any CPU
		{40746656-7274-4D17-A192-3111833A34A7}.Release|Any CPU.Build.0 = Release|Any CPU
		{E9D62858-5851-4BF9-A300-0BE31198F54E}.Debug|Any CPU.ActiveCfg = Debug|Any CPU
		{E9D62858-5851-4BF9-A300-0BE31198F54E}.Debug|Any CPU.Build.0 = Debug|Any CPU
		{E9D62858-5851-4BF9-A300-0BE31198F54E}.Release|Any CPU.ActiveCfg = Release|Any CPU
		{E9D62858-5851-4BF9-A300-0BE31198F54E}.Release|Any CPU.Build.0 = Release|Any CPU
		{A461FE69-6C52-4E1E-8A91-7F7D766FC990}.Debug|Any CPU.ActiveCfg = Debug|Any CPU
		{A461FE69-6C52-4E1E-8A91-7F7D766FC990}.Debug|Any CPU.Build.0 = Debug|Any CPU
		{A461FE69-6C52-4E1E-8A91-7F7D766FC990}.Release|Any CPU.ActiveCfg = Release|Any CPU
		{A461FE69-6C52-4E1E-8A91-7F7D766FC990}.Release|Any CPU.Build.0 = Release|Any CPU
		{857D39B1-61AA-4BA7-B6C6-5697357A06EB}.Debug|Any CPU.ActiveCfg = Debug|Any CPU
		{857D39B1-61AA-4BA7-B6C6-5697357A06EB}.Debug|Any CPU.Build.0 = Debug|Any CPU
		{857D39B1-61AA-4BA7-B6C6-5697357A06EB}.Release|Any CPU.ActiveCfg = Release|Any CPU
		{857D39B1-61AA-4BA7-B6C6-5697357A06EB}.Release|Any CPU.Build.0 = Release|Any CPU
		{C35B015D-2860-4D32-B33E-6CEC1952266A}.Debug|Any CPU.ActiveCfg = Debug|Any CPU
		{C35B015D-2860-4D32-B33E-6CEC1952266A}.Debug|Any CPU.Build.0 = Debug|Any CPU
		{C35B015D-2860-4D32-B33E-6CEC1952266A}.Release|Any CPU.ActiveCfg = Release|Any CPU
		{C35B015D-2860-4D32-B33E-6CEC1952266A}.Release|Any CPU.Build.0 = Release|Any CPU
		{6678C0E3-4366-4448-A587-4241E60088F8}.Debug|Any CPU.ActiveCfg = Debug|Any CPU
		{6678C0E3-4366-4448-A587-4241E60088F8}.Debug|Any CPU.Build.0 = Debug|Any CPU
		{6678C0E3-4366-4448-A587-4241E60088F8}.Release|Any CPU.ActiveCfg = Release|Any CPU
		{6678C0E3-4366-4448-A587-4241E60088F8}.Release|Any CPU.Build.0 = Release|Any CPU
	EndGlobalSection
	GlobalSection(NestedProjects) = preSolution
		{857D39B1-61AA-4BA7-B6C6-5697357A06EB} = {C04140D1-8558-4FDE-B317-C22DF2C6C871}
		{40746656-7274-4D17-A192-3111833A34A7} = {C04140D1-8558-4FDE-B317-C22DF2C6C871}
		{7670B8F7-1B80-4762-9B40-38A340CDC179} = {20629959-F100-4933-9F5B-B71E0CEDB170}
		{E9D62858-5851-4BF9-A300-0BE31198F54E} = {AFCCE3BE-498D-4069-8918-CA446A150E4B}
		{C35B015D-2860-4D32-B33E-6CEC1952266A} = {AFCCE3BE-498D-4069-8918-CA446A150E4B}
		{A461FE69-6C52-4E1E-8A91-7F7D766FC990} = {64B725D4-6DBE-4842-B7FD-BC6E65D3BFA7}
		{6678C0E3-4366-4448-A587-4241E60088F8} = {20629959-F100-4933-9F5B-B71E0CEDB170}
	EndGlobalSection
EndGlobal
